<?xml version="1.0" encoding="utf-8"?>
<Project ToolsVersion="15.0" xmlns="http://schemas.microsoft.com/developer/msbuild/2003">
  <ItemGroup>
    <ClCompile Include="dispersioncalculatorcontroller.cpp">
      <Filter>Source Files</Filter>
    </ClCompile>
    <ClCompile Include="fieldcalculatorcontroller.cpp">
      <Filter>Source Files</Filter>
    </ClCompile>
    <ClCompile Include="customxmldelegate.cpp">
      <Filter>Source Files</Filter>
    </ClCompile>
    <ClCompile Include="main.cpp">
      <Filter>Source Files</Filter>
    </ClCompile>
    <ClCompile Include="projectviewer.cpp">
      <Filter>Source Files</Filter>
    </ClCompile>
    <ClCompile Include="projviewmenuaction.cpp">
      <Filter>Source Files</Filter>
    </ClCompile>
    <ClCompile Include="qcustomplot.cpp">
      <Filter>Source Files</Filter>
    </ClCompile>
    <ClCompile Include="resultreadyevent.cpp">
      <Filter>Source Files</Filter>
    </ClCompile>
    <ClCompile Include="slowwavedevice.cpp">
      <Filter>Source Files</Filter>
    </ClCompile>
    <ClCompile Include="standartxmlitem.cpp">
      <Filter>Source Files</Filter>
    </ClCompile>
  </ItemGroup>
  <ItemGroup>
    <ClInclude Include="resource.h">
      <Filter>Header Files</Filter>
    </ClInclude>
    <ClInclude Include="GeneratedFiles\ui_aboutDialog.h">
      <Filter>Generated</Filter>
    </ClInclude>
    <ClInclude Include="GeneratedFiles\ui_slowwavedevice.h">
      <Filter>Generated</Filter>
    </ClInclude>
  </ItemGroup>
  <ItemGroup>
    <CustomBuild Include="standartxmlitem.h">
      <Filter>Header Files</Filter>
    </CustomBuild>
    <CustomBuild Include="resultreadyevent.h">
      <Filter>Header Files</Filter>
    </CustomBuild>
  </ItemGroup>
  <ItemGroup>
    <QtMoc Include="dispersioncalculatorcontroller.h">
      <Filter>Header Files</Filter>
    </QtMoc>
    <QtMoc Include="fieldcalculatorcontroller.h">
      <Filter>Header Files</Filter>
    </QtMoc>
    <QtMoc Include="projectviewer.h">
      <Filter>Header Files</Filter>
    </QtMoc>
    <QtMoc Include="customxmldelegate.h">
      <Filter>Header Files</Filter>
    </QtMoc>
    <QtMoc Include="projviewmenuaction.h">
      <Filter>Header Files</Filter>
    </QtMoc>
    <QtMoc Include="qcustomplot.h">
      <Filter>Header Files</Filter>
    </QtMoc>
    <QtMoc Include="slowwavedevice.h">
      <Filter>Header Files</Filter>
    </QtMoc>
  </ItemGroup>
  <ItemGroup>
    <QtUic Include="slowwavedevice.ui">
      <Filter>Resources</Filter>
    </QtUic>
    <QtUic Include="aboutDialog.ui">
      <Filter>Resources</Filter>
    </QtUic>
  </ItemGroup>
  <ItemGroup>
    <Filter Include="Source Files">
      <UniqueIdentifier>{4FC737F1-C7A5-4376-A066-2A32D752A2FF}</UniqueIdentifier>
      <Extensions>cpp;c;cc;cxx;def;odl;idl;hpj;bat;asm;asmx</Extensions>
      <ParseFiles>true</ParseFiles>
    </Filter>
    <Filter Include="Header Files">
      <UniqueIdentifier>{93995380-89BD-4b04-88EB-625FBE52EBFB}</UniqueIdentifier>
      <Extensions>h;hh;hpp;hxx;hm;inl;inc;xsd</Extensions>
      <ParseFiles>true</ParseFiles>
    </Filter>
    <Filter Include="Resources">
      <UniqueIdentifier>{de3a2cfb-4a64-4a9a-a33d-20d373a93502}</UniqueIdentifier>
    </Filter>
    <Filter Include="Generated">
      <UniqueIdentifier>{bbe52d5a-c3f9-4c09-8994-3b8b0e268996}</UniqueIdentifier>
    </Filter>
  </ItemGroup>
  <ItemGroup>
    <QtRcc Include="slowwavedevice.qrc">
      <Filter>Resources</Filter>
    </QtRcc>
  </ItemGroup>
  <ItemGroup>
    <ResourceCompile Include="slowwavedevice.rc">
      <Filter>Resources</Filter>
    </ResourceCompile>
  </ItemGroup>
  <ItemGroup>
    <Xml Include="helpInfo.xml">
      <Filter>Resources</Filter>
    </Xml>
  </ItemGroup>
</Project>